
Microsoft Visual Studio Solution File, Format Version 12.00
# Visual Studio Version 17
VisualStudioVersion = 17.6.33829.357
MinimumVisualStudioVersion = 10.0.40219.1
Project("{9A19103F-16F7-4668-BE54-9A1E7A4F7556}") = "CS_k", "CS_k\CS_k.csproj", "{BCD8BD47-17A7-4B2C-9FA2-E8BCCA2C90DA}"
EndProject
Project("{9A19103F-16F7-4668-BE54-9A1E7A4F7556}") = "TwoDimnsArrays", "TwoDimnsArrays\TwoDimnsArrays.csproj", "{CEB65788-250A-4A41-B321-F59ACFAA1D27}"
EndProject
Project("{9A19103F-16F7-4668-BE54-9A1E7A4F7556}") = "linkarray", "linkarray\linkarray.csproj", "{0B96D8D0-F21A-4CEF-9350-078906C5C1E3}"
EndProject
Project("{9A19103F-16F7-4668-BE54-9A1E7A4F7556}") = "MiniGameConsol", "MiniGameConsol\MiniGameConsol.csproj", "{81D3F030-EDBE-4704-B4A7-12F09CA94A80}"
EndProject
Project("{9A19103F-16F7-4668-BE54-9A1E7A4F7556}") = "writeerror", "writeerror\writeerror.csproj", "{49BDAA1F-60EC-4F71-B32B-F434C0FA6938}"
EndProject
Project("{9A19103F-16F7-4668-BE54-9A1E7A4F7556}") = "returnFunc", "returnFunc\returnFunc.csproj", "{ADF3A43A-BCE8-46B8-AFC4-7C98072C7E7F}"
EndProject
Project("{FAE04EC0-301F-11D3-BF4B-00C04F79EFBC}") = "healthbar", "healthbar\healthbar.csproj", "{0A6880E9-20AC-4FAA-B1C2-E2DFE9FFE680}"
EndProject
Project("{FAE04EC0-301F-11D3-BF4B-00C04F79EFBC}") = "Pacman", "Pacman\Pacman.csproj", "{408EFB9C-BA09-424C-BDB9-2291DBEBA576}"
EndProject
Project("{FAE04EC0-301F-11D3-BF4B-00C04F79EFBC}") = "List", "List\List.csproj", "{5DAEA0BF-6B96-41AF-8E34-F276A0441C87}"
EndProject
Project("{FAE04EC0-301F-11D3-BF4B-00C04F79EFBC}") = "Stack", "Stack\Stack.csproj", "{690617B6-375C-4AC0-BC96-5257767BF93C}"
EndProject
Global
	GlobalSection(SolutionConfigurationPlatforms) = preSolution
		Debug|Any CPU = Debug|Any CPU
		Release|Any CPU = Release|Any CPU
	EndGlobalSection
	GlobalSection(ProjectConfigurationPlatforms) = postSolution
		{BCD8BD47-17A7-4B2C-9FA2-E8BCCA2C90DA}.Debug|Any CPU.ActiveCfg = Debug|Any CPU
		{BCD8BD47-17A7-4B2C-9FA2-E8BCCA2C90DA}.Debug|Any CPU.Build.0 = Debug|Any CPU
		{BCD8BD47-17A7-4B2C-9FA2-E8BCCA2C90DA}.Release|Any CPU.ActiveCfg = Release|Any CPU
		{BCD8BD47-17A7-4B2C-9FA2-E8BCCA2C90DA}.Release|Any CPU.Build.0 = Release|Any CPU
		{CEB65788-250A-4A41-B321-F59ACFAA1D27}.Debug|Any CPU.ActiveCfg = Debug|Any CPU
		{CEB65788-250A-4A41-B321-F59ACFAA1D27}.Debug|Any CPU.Build.0 = Debug|Any CPU
		{CEB65788-250A-4A41-B321-F59ACFAA1D27}.Release|Any CPU.ActiveCfg = Release|Any CPU
		{CEB65788-250A-4A41-B321-F59ACFAA1D27}.Release|Any CPU.Build.0 = Release|Any CPU
		{0B96D8D0-F21A-4CEF-9350-078906C5C1E3}.Debug|Any CPU.ActiveCfg = Debug|Any CPU
		{0B96D8D0-F21A-4CEF-9350-078906C5C1E3}.Debug|Any CPU.Build.0 = Debug|Any CPU
		{0B96D8D0-F21A-4CEF-9350-078906C5C1E3}.Release|Any CPU.ActiveCfg = Release|Any CPU
		{0B96D8D0-F21A-4CEF-9350-078906C5C1E3}.Release|Any CPU.Build.0 = Release|Any CPU
		{81D3F030-EDBE-4704-B4A7-12F09CA94A80}.Debug|Any CPU.ActiveCfg = Debug|Any CPU
		{81D3F030-EDBE-4704-B4A7-12F09CA94A80}.Debug|Any CPU.Build.0 = Debug|Any CPU
		{81D3F030-EDBE-4704-B4A7-12F09CA94A80}.Release|Any CPU.ActiveCfg = Release|Any CPU
		{81D3F030-EDBE-4704-B4A7-12F09CA94A80}.Release|Any CPU.Build.0 = Release|Any CPU
		{49BDAA1F-60EC-4F71-B32B-F434C0FA6938}.Debug|Any CPU.ActiveCfg = Debug|Any CPU
		{49BDAA1F-60EC-4F71-B32B-F434C0FA6938}.Debug|Any CPU.Build.0 = Debug|Any CPU
		{49BDAA1F-60EC-4F71-B32B-F434C0FA6938}.Release|Any CPU.ActiveCfg = Release|Any CPU
		{49BDAA1F-60EC-4F71-B32B-F434C0FA6938}.Release|Any CPU.Build.0 = Release|Any CPU
		{ADF3A43A-BCE8-46B8-AFC4-7C98072C7E7F}.Debug|Any CPU.ActiveCfg = Debug|Any CPU
		{ADF3A43A-BCE8-46B8-AFC4-7C98072C7E7F}.Debug|Any CPU.Build.0 = Debug|Any CPU
		{ADF3A43A-BCE8-46B8-AFC4-7C98072C7E7F}.Release|Any CPU.ActiveCfg = Release|Any CPU
		{ADF3A43A-BCE8-46B8-AFC4-7C98072C7E7F}.Release|Any CPU.Build.0 = Release|Any CPU
		{0A6880E9-20AC-4FAA-B1C2-E2DFE9FFE680}.Debug|Any CPU.ActiveCfg = Debug|Any CPU
		{0A6880E9-20AC-4FAA-B1C2-E2DFE9FFE680}.Debug|Any CPU.Build.0 = Debug|Any CPU
		{0A6880E9-20AC-4FAA-B1C2-E2DFE9FFE680}.Release|Any CPU.ActiveCfg = Release|Any CPU
		{0A6880E9-20AC-4FAA-B1C2-E2DFE9FFE680}.Release|Any CPU.Build.0 = Release|Any CPU
		{408EFB9C-BA09-424C-BDB9-2291DBEBA576}.Debug|Any CPU.ActiveCfg = Debug|Any CPU
		{408EFB9C-BA09-424C-BDB9-2291DBEBA576}.Debug|Any CPU.Build.0 = Debug|Any CPU
		{408EFB9C-BA09-424C-BDB9-2291DBEBA576}.Release|Any CPU.ActiveCfg = Release|Any CPU
		{408EFB9C-BA09-424C-BDB9-2291DBEBA576}.Release|Any CPU.Build.0 = Release|Any CPU
		{5DAEA0BF-6B96-41AF-8E34-F276A0441C87}.Debug|Any CPU.ActiveCfg = Debug|Any CPU
		{5DAEA0BF-6B96-41AF-8E34-F276A0441C87}.Debug|Any CPU.Build.0 = Debug|Any CPU
		{5DAEA0BF-6B96-41AF-8E34-F276A0441C87}.Release|Any CPU.ActiveCfg = Release|Any CPU
		{5DAEA0BF-6B96-41AF-8E34-F276A0441C87}.Release|Any CPU.Build.0 = Release|Any CPU
		{690617B6-375C-4AC0-BC96-5257767BF93C}.Debug|Any CPU.ActiveCfg = Debug|Any CPU
		{690617B6-375C-4AC0-BC96-5257767BF93C}.Debug|Any CPU.Build.0 = Debug|Any CPU
		{690617B6-375C-4AC0-BC96-5257767BF93C}.Release|Any CPU.ActiveCfg = Release|Any CPU
		{690617B6-375C-4AC0-BC96-5257767BF93C}.Release|Any CPU.Build.0 = Release|Any CPU
	EndGlobalSection
	GlobalSection(SolutionProperties) = preSolution
		HideSolutionNode = FALSE
	EndGlobalSection
	GlobalSection(ExtensibilityGlobals) = postSolution
		SolutionGuid = {B198025F-F7B7-4147-A8C3-9FAF5B4B7535}
	EndGlobalSection
EndGlobal
